
Microsoft Visual Studio Solution File, Format Version 12.00
# Visual Studio Version 17
VisualStudioVersion = 17.5.002.0
MinimumVisualStudioVersion = 10.0.40219.1
Project("{2150E333-8FDC-42A3-9474-1A3956D46DE8}") = "Projects", "Projects", "{64BC34ED-3593-436E-87FF-8E6C640D2843}"
EndProject
Project("{9A19103F-16F7-4668-BE54-9A1E7A4F7556}") = "dotnet-template-mvc", "Projects\dotnet-template-mvc\dotnet-template-mvc.csproj", "{064A1700-2EE6-4123-8816-04F75236BF8A}"
EndProject
Global
	GlobalSection(SolutionConfigurationPlatforms) = preSolution
		Debug|Any CPU = Debug|Any CPU
		Release|Any CPU = Release|Any CPU
	EndGlobalSection
	GlobalSection(ProjectConfigurationPlatforms) = postSolution
		{064A1700-2EE6-4123-8816-04F75236BF8A}.Debug|Any CPU.ActiveCfg = Debug|Any CPU
		{064A1700-2EE6-4123-8816-04F75236BF8A}.Debug|Any CPU.Build.0 = Debug|Any CPU
		{064A1700-2EE6-4123-8816-04F75236BF8A}.Release|Any CPU.ActiveCfg = Release|Any CPU
		{064A1700-2EE6-4123-8816-04F75236BF8A}.Release|Any CPU.Build.0 = Release|Any CPU
	EndGlobalSection
	GlobalSection(SolutionProperties) = preSolution
		HideSolutionNode = FALSE
	EndGlobalSection
	GlobalSection(NestedProjects) = preSolution
		{064A1700-2EE6-4123-8816-04F75236BF8A} = {64BC34ED-3593-436E-87FF-8E6C640D2843}
	EndGlobalSection
	GlobalSection(ExtensibilityGlobals) = postSolution
		SolutionGuid = {0998EC9F-8028-432F-9E5C-D4CDD7744E41}
	EndGlobalSection
EndGlobal
